
Microsoft Visual Studio Solution File, Format Version 12.00
# Visual Studio Version 16
VisualStudioVersion = 16.0.29728.190
MinimumVisualStudioVersion = 10.0.40219.1
Project("{9A19103F-16F7-4668-BE54-9A1E7A4F7556}") = "API-Document-Generator", "API-Document-Generator.csproj", "{BEBC56A1-AF23-447A-8A56-391523E69B6A}"
EndProject
Global
	GlobalSection(SolutionConfigurationPlatforms) = preSolution
		Debug|Any CPU = Debug|Any CPU
		Release|Any CPU = Release|Any CPU
	EndGlobalSection
	GlobalSection(ProjectConfigurationPlatforms) = postSolution
		{BEBC56A1-AF23-447A-8A56-391523E69B6A}.Debug|Any CPU.ActiveCfg = Debug|Any CPU
		{BEBC56A1-AF23-447A-8A56-391523E69B6A}.Debug|Any CPU.Build.0 = Debug|Any CPU
		{BEBC56A1-AF23-447A-8A56-391523E69B6A}.Release|Any CPU.ActiveCfg = Release|Any CPU
		{BEBC56A1-AF23-447A-8A56-391523E69B6A}.Release|Any CPU.Build.0 = Release|Any CPU
	EndGlobalSection
	GlobalSection(SolutionProperties) = preSolution
		HideSolutionNode = FALSE
	EndGlobalSection
	GlobalSection(ExtensibilityGlobals) = postSolution
		SolutionGuid = {DC1CBEF4-06FD-4B1E-8BD1-CDA9D1D3996F}
	EndGlobalSection
EndGlobal
